Microsoft Visual Studio Solution File, Format Version 12.00
# Visual Studio Version 17
VisualStudioVersion = 17.5.2.0
MinimumVisualStudioVersion = 10.0.40219.1
Project("{FAE04EC0-301F-11D3-BF4B-00C04F79EFBC}") = "NaviGateAPI", "NaviGateAPI.csproj", "{8EF7F41C-C076-7775-91C4-29ACB3AC14FC}"
EndProject
Global
	GlobalSection(SolutionConfigurationPlatforms) = preSolution
		Debug|Any CPU = Debug|Any CPU
		Release|Any CPU = Release|Any CPU
	EndGlobalSection
	GlobalSection(ProjectConfigurationPlatforms) = postSolution
		{8EF7F41C-C076-7775-91C4-29ACB3AC14FC}.Debug|Any CPU.ActiveCfg = Debug|Any CPU
		{8EF7F41C-C076-7775-91C4-29ACB3AC14FC}.Debug|Any CPU.Build.0 = Debug|Any CPU
		{8EF7F41C-C076-7775-91C4-29ACB3AC14FC}.Release|Any CPU.ActiveCfg = Release|Any CPU
		{8EF7F41C-C076-7775-91C4-29ACB3AC14FC}.Release|Any CPU.Build.0 = Release|Any CPU
	EndGlobalSection
	GlobalSection(SolutionProperties) = preSolution
		HideSolutionNode = FALSE
	EndGlobalSection
	GlobalSection(ExtensibilityGlobals) = postSolution
		SolutionGuid = {BC85B170-104A-4625-990A-5F96AD793F47}
	EndGlobalSection
EndGlobal
